
Microsoft Visual Studio Solution File, Format Version 12.00
# Visual Studio Version 17
VisualStudioVersion = 17.14.37216.2 d17.14
MinimumVisualStudioVersion = 10.0.40219.1
Project("{FAE04EC0-301F-11D3-BF4B-00C04F79EFBC}") = "ProjectBackendFoodie", "ProjectBackendFoodie\ProjectBackendFoodie.csproj", "{B120A173-412B-4914-A352-7E1E146A0412}"
EndProject
Global
	GlobalSection(SolutionConfigurationPlatforms) = preSolution
		Debug|Any CPU = Debug|Any CPU
		Release|Any CPU = Release|Any CPU
	EndGlobalSection
	GlobalSection(ProjectConfigurationPlatforms) = postSolution
		{B120A173-412B-4914-A352-7E1E146A0412}.Debug|Any CPU.ActiveCfg = Debug|Any CPU
		{B120A173-412B-4914-A352-7E1E146A0412}.Debug|Any CPU.Build.0 = Debug|Any CPU
		{B120A173-412B-4914-A352-7E1E146A0412}.Release|Any CPU.ActiveCfg = Release|Any CPU
		{B120A173-412B-4914-A352-7E1E146A0412}.Release|Any CPU.Build.0 = Release|Any CPU
	EndGlobalSection
	GlobalSection(SolutionProperties) = preSolution
		HideSolutionNode = FALSE
	EndGlobalSection
	GlobalSection(ExtensibilityGlobals) = postSolution
		SolutionGuid = {434EC9EC-3150-4EE7-933E-8A12D53C1069}
	EndGlobalSection
EndGlobal
